// !$*UTF8*$!
{
	archiveVersion = 1;
	classes = {
	};
	objectVersion = 55;
	objects = {

/* Begin PBXBuildFile section */
		0640C6E8286F077C005D7DF6 /* MainView.swift in Sources */ = {isa = PBXBuildFile; fileRef = 0640C6E7286F077C005D7DF6 /* MainView.swift */; };
		0640C6EA286F079B005D7DF6 /* MindfulnessActivities.swift in Sources */ = {isa = PBXBuildFile; fileRef = 0640C6E9286F079B005D7DF6 /* MindfulnessActivities.swift */; };
		0640C6ED286F07B8005D7DF6 /* SheetView.swift in Sources */ = {isa = PBXBuildFile; fileRef = 0640C6EC286F07B8005D7DF6 /* SheetView.swift */; };
		0640C6EF286F07CA005D7DF6 /* BerandaView.swift in Sources */ = {isa = PBXBuildFile; fileRef = 0640C6EE286F07CA005D7DF6 /* BerandaView.swift */; };
		0640C6F1286F07DA005D7DF6 /* MindfulView.swift in Sources */ = {isa = PBXBuildFile; fileRef = 0640C6F0286F07DA005D7DF6 /* MindfulView.swift */; };
		0640C6F3286F07E9005D7DF6 /* RiwayatView.swift in Sources */ = {isa = PBXBuildFile; fileRef = 0640C6F2286F07E9005D7DF6 /* RiwayatView.swift */; };
		0640C6F6286F082E005D7DF6 /* JournalingView.swift in Sources */ = {isa = PBXBuildFile; fileRef = 0640C6F5286F082E005D7DF6 /* JournalingView.swift */; };
		06777BAF28AA498300021C0F /* ScavengerHunt.swift in Sources */ = {isa = PBXBuildFile; fileRef = 06777BAE28AA498300021C0F /* ScavengerHunt.swift */; };
		06777BB128AB241A00021C0F /* inhale.wav in Resources */ = {isa = PBXBuildFile; fileRef = 06777BB028AB241A00021C0F /* inhale.wav */; };
		06777BB428AB244500021C0F /* hold.wav in Resources */ = {isa = PBXBuildFile; fileRef = 06777BB228AB244500021C0F /* hold.wav */; };
		06777BB528AB244500021C0F /* exhale.wav in Resources */ = {isa = PBXBuildFile; fileRef = 06777BB328AB244500021C0F /* exhale.wav */; };
		06CB0D722871D273002954C7 /* ComingSoonView.swift in Sources */ = {isa = PBXBuildFile; fileRef = 06CB0D712871D273002954C7 /* ComingSoonView.swift */; };
		06F4328328B3DEC3003FA7AA /* Watch_The_Clouds_Stopwatch.swift in Sources */ = {isa = PBXBuildFile; fileRef = 06F4328128B3DEC3003FA7AA /* Watch_The_Clouds_Stopwatch.swift */; };
		06F4328428B3DEC3003FA7AA /* Watch_The_Clouds.swift in Sources */ = {isa = PBXBuildFile; fileRef = 06F4328228B3DEC3003FA7AA /* Watch_The_Clouds.swift */; };
		D1E7D4852872DD6200B1CEF4 /* Breathing_Intro_Screen.swift in Sources */ = {isa = PBXBuildFile; fileRef = D1E7D4842872DD6200B1CEF4 /* Breathing_Intro_Screen.swift */; };
		D1E7D4872872DD8D00B1CEF4 /* Breathing_Intro_Timer.swift in Sources */ = {isa = PBXBuildFile; fileRef = D1E7D4862872DD8D00B1CEF4 /* Breathing_Intro_Timer.swift */; };
		D1E7D4892872DDBD00B1CEF4 /* Breathing_Intro_Congrats.swift in Sources */ = {isa = PBXBuildFile; fileRef = D1E7D4882872DDBD00B1CEF4 /* Breathing_Intro_Congrats.swift */; };
		D1E7D48C2872E15D00B1CEF4 /* IntroActivityView.swift in Sources */ = {isa = PBXBuildFile; fileRef = D1E7D48B2872E15D00B1CEF4 /* IntroActivityView.swift */; };
		D1E7D48E2872E17800B1CEF4 /* Mindful_Breathing_Timer.swift in Sources */ = {isa = PBXBuildFile; fileRef = D1E7D48D2872E17800B1CEF4 /* Mindful_Breathing_Timer.swift */; };
		D1E7D4902872E19800B1CEF4 /* Mindful_Breathing_Congrats.swift in Sources */ = {isa = PBXBuildFile; fileRef = D1E7D48F2872E19800B1CEF4 /* Mindful_Breathing_Congrats.swift */; };
		DC0D9C64289993AB006A53A1 /* CongratsView.swift in Sources */ = {isa = PBXBuildFile; fileRef = DC0D9C63289993AB006A53A1 /* CongratsView.swift */; };
		DC1B62012896AC8300F0386E /* ActivityViewModel.swift in Sources */ = {isa = PBXBuildFile; fileRef = DC1B62002896AC8300F0386E /* ActivityViewModel.swift */; };
		DC1B62032896D89100F0386E /* activities.csv in Resources */ = {isa = PBXBuildFile; fileRef = DC1B62022896D89100F0386E /* activities.csv */; };
		DC1B62052896FB5D00F0386E /* RecommendationResultView.swift in Sources */ = {isa = PBXBuildFile; fileRef = DC1B62042896FB5D00F0386E /* RecommendationResultView.swift */; };
		DC77628528B3B80C004F163A /* HeartBeatView.swift in Sources */ = {isa = PBXBuildFile; fileRef = DC77628428B3B80C004F163A /* HeartBeatView.swift */; };
		DC9DB0D22893DE3200FCF403 /* finishMindfulWriting.swift in Sources */ = {isa = PBXBuildFile; fileRef = DC9DB0CF2893DE3200FCF403 /* finishMindfulWriting.swift */; };
		DC9DB0D32893DE3200FCF403 /* mindfulWriting1.swift in Sources */ = {isa = PBXBuildFile; fileRef = DC9DB0D02893DE3200FCF403 /* mindfulWriting1.swift */; };
		DC9DB0D42893DE3200FCF403 /* mindfulWriting2.swift in Sources */ = {isa = PBXBuildFile; fileRef = DC9DB0D12893DE3200FCF403 /* mindfulWriting2.swift */; };
		DC9DB0D62893DE4500FCF403 /* Assets.xcassets in Resources */ = {isa = PBXBuildFile; fileRef = DC9DB0D52893DE4500FCF403 /* Assets.xcassets */; };
		DC9DB0D82893DE5100FCF403 /* Preview Assets.xcassets in Resources */ = {isa = PBXBuildFile; fileRef = DC9DB0D72893DE5100FCF403 /* Preview Assets.xcassets */; };
		DC9DB0E32893E04200FCF403 /* SplashScreenView.swift in Sources */ = {isa = PBXBuildFile; fileRef = DC9DB0DC2893E04200FCF403 /* SplashScreenView.swift */; };
		DC9DB0E42893E04200FCF403 /* OnboardingStepView.swift~Stashed changes in Resources */ = {isa = PBXBuildFile; fileRef = DC9DB0DD2893E04200FCF403 /* OnboardingStepView.swift~Stashed changes */; };
		DC9DB0E52893E04200FCF403 /* OnboardingDataModel.swift in Sources */ = {isa = PBXBuildFile; fileRef = DC9DB0DE2893E04200FCF403 /* OnboardingDataModel.swift */; };
		DC9DB0E62893E04200FCF403 /* OnboardingStepView.swift~Updated upstream in Resources */ = {isa = PBXBuildFile; fileRef = DC9DB0DF2893E04200FCF403 /* OnboardingStepView.swift~Updated upstream */; };
		DC9DB0E72893E04200FCF403 /* OnboardingStepView.swift in Sources */ = {isa = PBXBuildFile; fileRef = DC9DB0E02893E04200FCF403 /* OnboardingStepView.swift */; };
		DC9DB0E82893E04200FCF403 /* OnboardingViewPure.swift in Sources */ = {isa = PBXBuildFile; fileRef = DC9DB0E12893E04200FCF403 /* OnboardingViewPure.swift */; };
		DC9DB0EB2893E25A00FCF403 /* OnboardingDataModel.xcdatamodeld in Sources */ = {isa = PBXBuildFile; fileRef = DC9DB0E92893E25A00FCF403 /* OnboardingDataModel.xcdatamodeld */; };
		DCB5ABAA28AF911B0009B78B /* WrappingHStack in Frameworks */ = {isa = PBXBuildFile; productRef = DCB5ABA928AF911B0009B78B /* WrappingHStack */; };
		DCB5ABAD28AF9AA10009B78B /* HalfASheet in Frameworks */ = {isa = PBXBuildFile; productRef = DCB5ABAC28AF9AA10009B78B /* HalfASheet */; };
		DCB5ABB628AFAA970009B78B /* SwiftUIBottomSheet in Frameworks */ = {isa = PBXBuildFile; productRef = DCB5ABB528AFAA970009B78B /* SwiftUIBottomSheet */; };
		DCB5ABB928B38C8A0009B78B /* GratitudeListView.swift in Sources */ = {isa = PBXBuildFile; fileRef = DCB5ABB828B38C8A0009B78B /* GratitudeListView.swift */; };
		DCB5ABBC28B3968B0009B78B /* MorningPagesView.swift in Sources */ = {isa = PBXBuildFile; fileRef = DCB5ABBB28B3968B0009B78B /* MorningPagesView.swift */; };
		DCB5ABBF28B398590009B78B /* IntentionSettingView.swift in Sources */ = {isa = PBXBuildFile; fileRef = DCB5ABBE28B398590009B78B /* IntentionSettingView.swift */; };
		DCCD99CD28AD7D6200A41005 /* PlaySound.swift in Sources */ = {isa = PBXBuildFile; fileRef = DCCD99CC28AD7D6200A41005 /* PlaySound.swift */; };
		EE585DE9285C6CB80092C195 /* MC2_Mindful_AppApp.swift in Sources */ = {isa = PBXBuildFile; fileRef = EE585DE8285C6CB80092C195 /* MC2_Mindful_AppApp.swift */; };
		EE585DEB285C6CB80092C195 /* ContentView.swift in Sources */ = {isa = PBXBuildFile; fileRef = EE585DEA285C6CB80092C195 /* ContentView.swift */; };
		EE585DF2285C6CBA0092C195 /* Persistence.swift in Sources */ = {isa = PBXBuildFile; fileRef = EE585DF1285C6CBA0092C195 /* Persistence.swift */; };
		EE585DF5285C6CBA0092C195 /* MC2_Mindful_App.xcdatamodeld in Sources */ = {isa = PBXBuildFile; fileRef = EE585DF3285C6CBA0092C195 /* MC2_Mindful_App.xcdatamodeld */; };
		EEDD20172870123F003AB92E /* RecommendationView.swift in Sources */ = {isa = PBXBuildFile; fileRef = EEDD20162870123F003AB92E /* RecommendationView.swift */; };
		EEDD201B2870126A003AB92E /* EmotionView.swift in Sources */ = {isa = PBXBuildFile; fileRef = EEDD201A2870126A003AB92E /* EmotionView.swift */; };
		EEDD201D28704DAA003AB92E /* DurationView.swift in Sources */ = {isa = PBXBuildFile; fileRef = EEDD201C28704DAA003AB92E /* DurationView.swift */; };
/* End PBXBuildFile section */

/* Begin PBXFileReference section */
		0640C6E7286F077C005D7DF6 /* MainView.swift */ = {isa = PBXFileReference; lastKnownFileType = sourcecode.swift; path = MainView.swift; sourceTree = "<group>"; };
		0640C6E9286F079B005D7DF6 /* MindfulnessActivities.swift */ = {isa = PBXFileReference; lastKnownFileType = sourcecode.swift; path = MindfulnessActivities.swift; sourceTree = "<group>"; };
		0640C6EC286F07B8005D7DF6 /* SheetView.swift */ = {isa = PBXFileReference; lastKnownFileType = sourcecode.swift; path = SheetView.swift; sourceTree = "<group>"; };
		0640C6EE286F07CA005D7DF6 /* BerandaView.swift */ = {isa = PBXFileReference; lastKnownFileType = sourcecode.swift; path = BerandaView.swift; sourceTree = "<group>"; };
		0640C6F0286F07DA005D7DF6 /* MindfulView.swift */ = {isa = PBXFileReference; lastKnownFileType = sourcecode.swift; path = MindfulView.swift; sourceTree = "<group>"; };
		0640C6F2286F07E9005D7DF6 /* RiwayatView.swift */ = {isa = PBXFileReference; lastKnownFileType = sourcecode.swift; path = RiwayatView.swift; sourceTree = "<group>"; };
		0640C6F5286F082E005D7DF6 /* JournalingView.swift */ = {isa = PBXFileReference; lastKnownFileType = sourcecode.swift; path = JournalingView.swift; sourceTree = "<group>"; };
		06777BAE28AA498300021C0F /* ScavengerHunt.swift */ = {isa = PBXFileReference; lastKnownFileType = sourcecode.swift; path = ScavengerHunt.swift; sourceTree = "<group>"; };
		06777BB028AB241A00021C0F /* inhale.wav */ = {isa = PBXFileReference; lastKnownFileType = audio.wav; path = inhale.wav; sourceTree = "<group>"; };
		06777BB228AB244500021C0F /* hold.wav */ = {isa = PBXFileReference; lastKnownFileType = audio.wav; path = hold.wav; sourceTree = "<group>"; };
		06777BB328AB244500021C0F /* exhale.wav */ = {isa = PBXFileReference; lastKnownFileType = audio.wav; path = exhale.wav; sourceTree = "<group>"; };
		06CB0D712871D273002954C7 /* ComingSoonView.swift */ = {isa = PBXFileReference; lastKnownFileType = sourcecode.swift; path = ComingSoonView.swift; sourceTree = "<group>"; };
		06F4328128B3DEC3003FA7AA /* Watch_The_Clouds_Stopwatch.swift */ = {isa = PBXFileReference; fileEncoding = 4; lastKnownFileType = sourcecode.swift; path = Watch_The_Clouds_Stopwatch.swift; sourceTree = "<group>"; };
		06F4328228B3DEC3003FA7AA /* Watch_The_Clouds.swift */ = {isa = PBXFileReference; fileEncoding = 4; lastKnownFileType = sourcecode.swift; path = Watch_The_Clouds.swift; sourceTree = "<group>"; };
		D1E7D4842872DD6200B1CEF4 /* Breathing_Intro_Screen.swift */ = {isa = PBXFileReference; lastKnownFileType = sourcecode.swift; path = Breathing_Intro_Screen.swift; sourceTree = "<group>"; };
		D1E7D4862872DD8D00B1CEF4 /* Breathing_Intro_Timer.swift */ = {isa = PBXFileReference; lastKnownFileType = sourcecode.swift; path = Breathing_Intro_Timer.swift; sourceTree = "<group>"; };
		D1E7D4882872DDBD00B1CEF4 /* Breathing_Intro_Congrats.swift */ = {isa = PBXFileReference; lastKnownFileType = sourcecode.swift; path = Breathing_Intro_Congrats.swift; sourceTree = "<group>"; };
		D1E7D48B2872E15D00B1CEF4 /* IntroActivityView.swift */ = {isa = PBXFileReference; lastKnownFileType = sourcecode.swift; path = IntroActivityView.swift; sourceTree = "<group>"; };
		D1E7D48D2872E17800B1CEF4 /* Mindful_Breathing_Timer.swift */ = {isa = PBXFileReference; lastKnownFileType = sourcecode.swift; path = Mindful_Breathing_Timer.swift; sourceTree = "<group>"; };
		D1E7D48F2872E19800B1CEF4 /* Mindful_Breathing_Congrats.swift */ = {isa = PBXFileReference; lastKnownFileType = sourcecode.swift; path = Mindful_Breathing_Congrats.swift; sourceTree = "<group>"; };
		DC0D9C63289993AB006A53A1 /* CongratsView.swift */ = {isa = PBXFileReference; lastKnownFileType = sourcecode.swift; path = CongratsView.swift; sourceTree = "<group>"; };
		DC1B62002896AC8300F0386E /* ActivityViewModel.swift */ = {isa = PBXFileReference; lastKnownFileType = sourcecode.swift; path = ActivityViewModel.swift; sourceTree = "<group>"; };
		DC1B62022896D89100F0386E /* activities.csv */ = {isa = PBXFileReference; fileEncoding = 4; lastKnownFileType = text; path = activities.csv; sourceTree = "<group>"; };
		DC1B62042896FB5D00F0386E /* RecommendationResultView.swift */ = {isa = PBXFileReference; lastKnownFileType = sourcecode.swift; path = RecommendationResultView.swift; sourceTree = "<group>"; };
		DC77628428B3B80C004F163A /* HeartBeatView.swift */ = {isa = PBXFileReference; lastKnownFileType = sourcecode.swift; path = HeartBeatView.swift; sourceTree = "<group>"; };
		DC9DB0CF2893DE3200FCF403 /* finishMindfulWriting.swift */ = {isa = PBXFileReference; fileEncoding = 4; lastKnownFileType = sourcecode.swift; path = finishMindfulWriting.swift; sourceTree = "<group>"; };
		DC9DB0D02893DE3200FCF403 /* mindfulWriting1.swift */ = {isa = PBXFileReference; fileEncoding = 4; lastKnownFileType = sourcecode.swift; path = mindfulWriting1.swift; sourceTree = "<group>"; };
		DC9DB0D12893DE3200FCF403 /* mindfulWriting2.swift */ = {isa = PBXFileReference; fileEncoding = 4; lastKnownFileType = sourcecode.swift; path = mindfulWriting2.swift; sourceTree = "<group>"; };
		DC9DB0D52893DE4500FCF403 /* Assets.xcassets */ = {isa = PBXFileReference; lastKnownFileType = folder.assetcatalog; path = Assets.xcassets; sourceTree = "<group>"; };
		DC9DB0D72893DE5100FCF403 /* Preview Assets.xcassets */ = {isa = PBXFileReference; lastKnownFileType = folder.assetcatalog; path = "Preview Assets.xcassets"; sourceTree = "<group>"; };
		DC9DB0DC2893E04200FCF403 /* SplashScreenView.swift */ = {isa = PBXFileReference; fileEncoding = 4; lastKnownFileType = sourcecode.swift; path = SplashScreenView.swift; sourceTree = "<group>"; };
		DC9DB0DD2893E04200FCF403 /* OnboardingStepView.swift~Stashed changes */ = {isa = PBXFileReference; fileEncoding = 4; lastKnownFileType = text; path = "OnboardingStepView.swift~Stashed changes"; sourceTree = "<group>"; };
		DC9DB0DE2893E04200FCF403 /* OnboardingDataModel.swift */ = {isa = PBXFileReference; fileEncoding = 4; lastKnownFileType = sourcecode.swift; path = OnboardingDataModel.swift; sourceTree = "<group>"; };
		DC9DB0DF2893E04200FCF403 /* OnboardingStepView.swift~Updated upstream */ = {isa = PBXFileReference; fileEncoding = 4; lastKnownFileType = text; path = "OnboardingStepView.swift~Updated upstream"; sourceTree = "<group>"; };
		DC9DB0E02893E04200FCF403 /* OnboardingStepView.swift */ = {isa = PBXFileReference; fileEncoding = 4; lastKnownFileType = sourcecode.swift; path = OnboardingStepView.swift; sourceTree = "<group>"; };
		DC9DB0E12893E04200FCF403 /* OnboardingViewPure.swift */ = {isa = PBXFileReference; fileEncoding = 4; lastKnownFileType = sourcecode.swift; path = OnboardingViewPure.swift; sourceTree = "<group>"; };
		DC9DB0EA2893E25A00FCF403 /* OnboardingDataModel.xcdatamodel */ = {isa = PBXFileReference; lastKnownFileType = wrapper.xcdatamodel; path = OnboardingDataModel.xcdatamodel; sourceTree = "<group>"; };
		DCB5ABB828B38C8A0009B78B /* GratitudeListView.swift */ = {isa = PBXFileReference; lastKnownFileType = sourcecode.swift; path = GratitudeListView.swift; sourceTree = "<group>"; };
		DCB5ABBB28B3968B0009B78B /* MorningPagesView.swift */ = {isa = PBXFileReference; lastKnownFileType = sourcecode.swift; path = MorningPagesView.swift; sourceTree = "<group>"; };
		DCB5ABBE28B398590009B78B /* IntentionSettingView.swift */ = {isa = PBXFileReference; lastKnownFileType = sourcecode.swift; path = IntentionSettingView.swift; sourceTree = "<group>"; };
		DCCD99CC28AD7D6200A41005 /* PlaySound.swift */ = {isa = PBXFileReference; lastKnownFileType = sourcecode.swift; path = PlaySound.swift; sourceTree = "<group>"; };
		EE585DE5285C6CB80092C195 /* MC2-Mindful-App.app */ = {isa = PBXFileReference; explicitFileType = wrapper.application; includeInIndex = 0; path = "MC2-Mindful-App.app"; sourceTree = BUILT_PRODUCTS_DIR; };
		EE585DE8285C6CB80092C195 /* MC2_Mindful_AppApp.swift */ = {isa = PBXFileReference; lastKnownFileType = sourcecode.swift; path = MC2_Mindful_AppApp.swift; sourceTree = "<group>"; };
		EE585DEA285C6CB80092C195 /* ContentView.swift */ = {isa = PBXFileReference; lastKnownFileType = sourcecode.swift; path = ContentView.swift; sourceTree = "<group>"; };
		EE585DF1285C6CBA0092C195 /* Persistence.swift */ = {isa = PBXFileReference; lastKnownFileType = sourcecode.swift; path = Persistence.swift; sourceTree = "<group>"; };
		EE585DF4285C6CBA0092C195 /* MC2_Mindful_App.xcdatamodel */ = {isa = PBXFileReference; lastKnownFileType = wrapper.xcdatamodel; path = MC2_Mindful_App.xcdatamodel; sourceTree = "<group>"; };
		EEDD20162870123F003AB92E /* RecommendationView.swift */ = {isa = PBXFileReference; lastKnownFileType = sourcecode.swift; path = RecommendationView.swift; sourceTree = "<group>"; };
		EEDD201A2870126A003AB92E /* EmotionView.swift */ = {isa = PBXFileReference; lastKnownFileType = sourcecode.swift; path = EmotionView.swift; sourceTree = "<group>"; };
		EEDD201C28704DAA003AB92E /* DurationView.swift */ = {isa = PBXFileReference; lastKnownFileType = sourcecode.swift; path = DurationView.swift; sourceTree = "<group>"; };
/* End PBXFileReference section */

/* Begin PBXFrameworksBuildPhase section */
		EE585DE2285C6CB80092C195 /* Frameworks */ = {
			isa = PBXFrameworksBuildPhase;
			buildActionMask = 2147483647;
			files = (
				DCB5ABAA28AF911B0009B78B /* WrappingHStack in Frameworks */,
				DCB5ABAD28AF9AA10009B78B /* HalfASheet in Frameworks */,
				DCB5ABB628AFAA970009B78B /* SwiftUIBottomSheet in Frameworks */,
			);
			runOnlyForDeploymentPostprocessing = 0;
		};
/* End PBXFrameworksBuildPhase section */

/* Begin PBXGroup section */
		0640C6EB286F07AC005D7DF6 /* Main-Tab-Bar-Views */ = {
			isa = PBXGroup;
			children = (
				0640C6EC286F07B8005D7DF6 /* SheetView.swift */,
				0640C6EE286F07CA005D7DF6 /* BerandaView.swift */,
				0640C6F0286F07DA005D7DF6 /* MindfulView.swift */,
				0640C6F2286F07E9005D7DF6 /* RiwayatView.swift */,
			);
			path = "Main-Tab-Bar-Views";
			sourceTree = "<group>";
		};
		0640C6F4286F07F3005D7DF6 /* Mindful-Activities-Views */ = {
			isa = PBXGroup;
			children = (
				DC77628328B3B7F1004F163A /* Heart-Beat */,
				DCB5ABBD28B396990009B78B /* Intention-Setting */,
				DCB5ABBA28B396670009B78B /* Morning-Pages */,
				DCB5ABB728B38C080009B78B /* Gratitude-List */,
				D1E7D48A2872E13800B1CEF4 /* Mindful-Breathing */,
				06F4328028B3DEC3003FA7AA /* Watch-The-Clouds */,
				DC0D9C6128999107006A53A1 /* Mindful-Journaling */,
				06CB0D712871D273002954C7 /* ComingSoonView.swift */,
				D1E7D48B2872E15D00B1CEF4 /* IntroActivityView.swift */,
				DC0D9C63289993AB006A53A1 /* CongratsView.swift */,
				06777BB828AB34F500021C0F /* Scavenger-Hunt */,
			);
			path = "Mindful-Activities-Views";
			sourceTree = "<group>";
		};
		067392D128A3B786003E8404 /* Sounds */ = {
			isa = PBXGroup;
			children = (
				06777BB328AB244500021C0F /* exhale.wav */,
				06777BB228AB244500021C0F /* hold.wav */,
				06777BB028AB241A00021C0F /* inhale.wav */,
			);
			path = Sounds;
			sourceTree = "<group>";
		};
		06777BB828AB34F500021C0F /* Scavenger-Hunt */ = {
			isa = PBXGroup;
			children = (
				06777BAE28AA498300021C0F /* ScavengerHunt.swift */,
			);
			path = "Scavenger-Hunt";
			sourceTree = "<group>";
		};
		06F4328028B3DEC3003FA7AA /* Watch-The-Clouds */ = {
			isa = PBXGroup;
			children = (
				06F4328128B3DEC3003FA7AA /* Watch_The_Clouds_Stopwatch.swift */,
				06F4328228B3DEC3003FA7AA /* Watch_The_Clouds.swift */,
			);
			path = "Watch-The-Clouds";
			sourceTree = "<group>";
		};
		D1E7D4832872D69700B1CEF4 /* Breathing-Intro */ = {
			isa = PBXGroup;
			children = (
				D1E7D4842872DD6200B1CEF4 /* Breathing_Intro_Screen.swift */,
				D1E7D4862872DD8D00B1CEF4 /* Breathing_Intro_Timer.swift */,
				D1E7D4882872DDBD00B1CEF4 /* Breathing_Intro_Congrats.swift */,
			);
			path = "Breathing-Intro";
			sourceTree = "<group>";
		};
		D1E7D48A2872E13800B1CEF4 /* Mindful-Breathing */ = {
			isa = PBXGroup;
			children = (
				D1E7D48D2872E17800B1CEF4 /* Mindful_Breathing_Timer.swift */,
				D1E7D48F2872E19800B1CEF4 /* Mindful_Breathing_Congrats.swift */,
			);
			path = "Mindful-Breathing";
			sourceTree = "<group>";
		};
		DC0D9C60289990E1006A53A1 /* Unused */ = {
			isa = PBXGroup;
			children = (
				DC9DB0CE2893DE3200FCF403 /* Mindful-Writing */,
				EEDD201928701257003AB92E /* Questions */,
				D1E7D4832872D69700B1CEF4 /* Breathing-Intro */,
			);
			path = Unused;
			sourceTree = "<group>";
		};
		DC0D9C6128999107006A53A1 /* Mindful-Journaling */ = {
			isa = PBXGroup;
			children = (
				0640C6F5286F082E005D7DF6 /* JournalingView.swift */,
			);
			path = "Mindful-Journaling";
			sourceTree = "<group>";
		};
		DC77628328B3B7F1004F163A /* Heart-Beat */ = {
			isa = PBXGroup;
			children = (
				DC77628428B3B80C004F163A /* HeartBeatView.swift */,
			);
			path = "Heart-Beat";
			sourceTree = "<group>";
		};
		DC9DB0CE2893DE3200FCF403 /* Mindful-Writing */ = {
			isa = PBXGroup;
			children = (
				DC9DB0CF2893DE3200FCF403 /* finishMindfulWriting.swift */,
				DC9DB0D02893DE3200FCF403 /* mindfulWriting1.swift */,
				DC9DB0D12893DE3200FCF403 /* mindfulWriting2.swift */,
			);
			path = "Mindful-Writing";
			sourceTree = "<group>";
		};
		DC9DB0D92893E04200FCF403 /* OnBoardingSection */ = {
			isa = PBXGroup;
			children = (
				DC9DB0DC2893E04200FCF403 /* SplashScreenView.swift */,
				DC9DB0DD2893E04200FCF403 /* OnboardingStepView.swift~Stashed changes */,
				DC9DB0DE2893E04200FCF403 /* OnboardingDataModel.swift */,
				DC9DB0DF2893E04200FCF403 /* OnboardingStepView.swift~Updated upstream */,
				DC9DB0E02893E04200FCF403 /* OnboardingStepView.swift */,
				DC9DB0E12893E04200FCF403 /* OnboardingViewPure.swift */,
				DC9DB0E92893E25A00FCF403 /* OnboardingDataModel.xcdatamodeld */,
			);
			path = OnBoardingSection;
			sourceTree = "<group>";
		};
		DCB5ABB728B38C080009B78B /* Gratitude-List */ = {
			isa = PBXGroup;
			children = (
				DCB5ABB828B38C8A0009B78B /* GratitudeListView.swift */,
			);
			path = "Gratitude-List";
			sourceTree = "<group>";
		};
		DCB5ABBA28B396670009B78B /* Morning-Pages */ = {
			isa = PBXGroup;
			children = (
				DCB5ABBB28B3968B0009B78B /* MorningPagesView.swift */,
			);
			path = "Morning-Pages";
			sourceTree = "<group>";
		};
		DCB5ABBD28B396990009B78B /* Intention-Setting */ = {
			isa = PBXGroup;
			children = (
				DCB5ABBE28B398590009B78B /* IntentionSettingView.swift */,
			);
			path = "Intention-Setting";
			sourceTree = "<group>";
		};
		DCD3BCEA2896745100344DC0 /* Model */ = {
			isa = PBXGroup;
			children = (
				EE585DF3285C6CBA0092C195 /* MC2_Mindful_App.xcdatamodeld */,
				0640C6E9286F079B005D7DF6 /* MindfulnessActivities.swift */,
			);
			path = Model;
			sourceTree = "<group>";
		};
		DCD3BCEB2896745600344DC0 /* View */ = {
			isa = PBXGroup;
			children = (
				DC9DB0D92893E04200FCF403 /* OnBoardingSection */,
				0640C6EB286F07AC005D7DF6 /* Main-Tab-Bar-Views */,
				EEDD20152870119E003AB92E /* RecommendationView */,
				0640C6F4286F07F3005D7DF6 /* Mindful-Activities-Views */,
				DC0D9C60289990E1006A53A1 /* Unused */,
				0640C6E7286F077C005D7DF6 /* MainView.swift */,
			);
			path = View;
			sourceTree = "<group>";
		};
		DCD3BCEC2896745B00344DC0 /* ViewModel */ = {
			isa = PBXGroup;
			children = (
				DC1B62002896AC8300F0386E /* ActivityViewModel.swift */,
			);
			path = ViewModel;
			sourceTree = "<group>";
		};
		DCD3BCED2896751700344DC0 /* Helper */ = {
			isa = PBXGroup;
			children = (
				EE585DF1285C6CBA0092C195 /* Persistence.swift */,
				DCCD99CC28AD7D6200A41005 /* PlaySound.swift */,
			);
			path = Helper;
			sourceTree = "<group>";
		};
		EE585DDC285C6CB80092C195 = {
			isa = PBXGroup;
			children = (
				EE585DE7285C6CB80092C195 /* MC2-Mindful-App */,
				EE585DE6285C6CB80092C195 /* Products */,
			);
			sourceTree = "<group>";
		};
		EE585DE6285C6CB80092C195 /* Products */ = {
			isa = PBXGroup;
			children = (
				EE585DE5285C6CB80092C195 /* MC2-Mindful-App.app */,
			);
			name = Products;
			sourceTree = "<group>";
		};
		EE585DE7285C6CB80092C195 /* MC2-Mindful-App */ = {
			isa = PBXGroup;
			children = (
				067392D128A3B786003E8404 /* Sounds */,
				DCD3BCEA2896745100344DC0 /* Model */,
				DC1B62022896D89100F0386E /* activities.csv */,
				DCD3BCED2896751700344DC0 /* Helper */,
				DCD3BCEC2896745B00344DC0 /* ViewModel */,
				DCD3BCEB2896745600344DC0 /* View */,
				DC9DB0D52893DE4500FCF403 /* Assets.xcassets */,
				EE585DE8285C6CB80092C195 /* MC2_Mindful_AppApp.swift */,
				EE585DEA285C6CB80092C195 /* ContentView.swift */,
				EE585DEE285C6CBA0092C195 /* Preview Content */,
			);
			path = "MC2-Mindful-App";
			sourceTree = "<group>";
		};
		EE585DEE285C6CBA0092C195 /* Preview Content */ = {
			isa = PBXGroup;
			children = (
				DC9DB0D72893DE5100FCF403 /* Preview Assets.xcassets */,
			);
			path = "Preview Content";
			sourceTree = "<group>";
		};
		EEDD20152870119E003AB92E /* RecommendationView */ = {
			isa = PBXGroup;
			children = (
				EEDD20162870123F003AB92E /* RecommendationView.swift */,
				DC1B62042896FB5D00F0386E /* RecommendationResultView.swift */,
			);
			path = RecommendationView;
			sourceTree = "<group>";
		};
		EEDD201928701257003AB92E /* Questions */ = {
			isa = PBXGroup;
			children = (
				EEDD201C28704DAA003AB92E /* DurationView.swift */,
				EEDD201A2870126A003AB92E /* EmotionView.swift */,
			);
			path = Questions;
			sourceTree = "<group>";
		};
/* End PBXGroup section */

/* Begin PBXNativeTarget section */
		EE585DE4285C6CB80092C195 /* MC2-Mindful-App */ = {
			isa = PBXNativeTarget;
			buildConfigurationList = EE585DF8285C6CBA0092C195 /* Build configuration list for PBXNativeTarget "MC2-Mindful-App" */;
			buildPhases = (
				EE585DE1285C6CB80092C195 /* Sources */,
				EE585DE2285C6CB80092C195 /* Frameworks */,
				EE585DE3285C6CB80092C195 /* Resources */,
			);
			buildRules = (
			);
			dependencies = (
			);
			name = "MC2-Mindful-App";
			packageProductDependencies = (
				DCB5ABA928AF911B0009B78B /* WrappingHStack */,
				DCB5ABAC28AF9AA10009B78B /* HalfASheet */,
				DCB5ABB528AFAA970009B78B /* SwiftUIBottomSheet */,
			);
			productName = "MC2-Mindful-App";
			productReference = EE585DE5285C6CB80092C195 /* MC2-Mindful-App.app */;
			productType = "com.apple.product-type.application";
		};
/* End PBXNativeTarget section */

/* Begin PBXProject section */
		EE585DDD285C6CB80092C195 /* Project object */ = {
			isa = PBXProject;
			attributes = {
				BuildIndependentTargetsInParallel = 1;
				LastSwiftUpdateCheck = 1330;
				LastUpgradeCheck = 1330;
				TargetAttributes = {
					EE585DE4285C6CB80092C195 = {
						CreatedOnToolsVersion = 13.3;
					};
				};
			};
			buildConfigurationList = EE585DE0285C6CB80092C195 /* Build configuration list for PBXProject "MC2-Mindful-App" */;
			compatibilityVersion = "Xcode 13.0";
			developmentRegion = en;
			hasScannedForEncodings = 0;
			knownRegions = (
				en,
				Base,
			);
			mainGroup = EE585DDC285C6CB80092C195;
			packageReferences = (
				DCB5ABA828AF911B0009B78B /* XCRemoteSwiftPackageReference "WrappingHStack" */,
				DCB5ABAB28AF9AA10009B78B /* XCRemoteSwiftPackageReference "HalfASheet" */,
				DCB5ABB428AFAA970009B78B /* XCRemoteSwiftPackageReference "SwiftUIBottomSheet" */,
			);
			productRefGroup = EE585DE6285C6CB80092C195 /* Products */;
			projectDirPath = "";
			projectRoot = "";
			targets = (
				EE585DE4285C6CB80092C195 /* MC2-Mindful-App */,
			);
		};
/* End PBXProject section */

/* Begin PBXResourcesBuildPhase section */
		EE585DE3285C6CB80092C195 /* Resources */ = {
			isa = PBXResourcesBuildPhase;
			buildActionMask = 2147483647;
			files = (
				DC1B62032896D89100F0386E /* activities.csv in Resources */,
				06777BB428AB244500021C0F /* hold.wav in Resources */,
				06777BB128AB241A00021C0F /* inhale.wav in Resources */,
				DC9DB0E62893E04200FCF403 /* OnboardingStepView.swift~Updated upstream in Resources */,
				DC9DB0D82893DE5100FCF403 /* Preview Assets.xcassets in Resources */,
				06777BB528AB244500021C0F /* exhale.wav in Resources */,
				DC9DB0E42893E04200FCF403 /* OnboardingStepView.swift~Stashed changes in Resources */,
				DC9DB0D62893DE4500FCF403 /* Assets.xcassets in Resources */,
			);
			runOnlyForDeploymentPostprocessing = 0;
		};
/* End PBXResourcesBuildPhase section */

/* Begin PBXSourcesBuildPhase section */
		EE585DE1285C6CB80092C195 /* Sources */ = {
			isa = PBXSourcesBuildPhase;
			buildActionMask = 2147483647;
			files = (
				D1E7D4852872DD6200B1CEF4 /* Breathing_Intro_Screen.swift in Sources */,
				DC9DB0E82893E04200FCF403 /* OnboardingViewPure.swift in Sources */,
				DC9DB0E32893E04200FCF403 /* SplashScreenView.swift in Sources */,
				EEDD201D28704DAA003AB92E /* DurationView.swift in Sources */,
				EE585DF5285C6CBA0092C195 /* MC2_Mindful_App.xcdatamodeld in Sources */,
				DC1B62012896AC8300F0386E /* ActivityViewModel.swift in Sources */,
				D1E7D48C2872E15D00B1CEF4 /* IntroActivityView.swift in Sources */,
				DC9DB0D32893DE3200FCF403 /* mindfulWriting1.swift in Sources */,
				DC9DB0D42893DE3200FCF403 /* mindfulWriting2.swift in Sources */,
				DC0D9C64289993AB006A53A1 /* CongratsView.swift in Sources */,
				EEDD20172870123F003AB92E /* RecommendationView.swift in Sources */,
				DC77628528B3B80C004F163A /* HeartBeatView.swift in Sources */,
				0640C6ED286F07B8005D7DF6 /* SheetView.swift in Sources */,
				DC9DB0E72893E04200FCF403 /* OnboardingStepView.swift in Sources */,
				DC1B62052896FB5D00F0386E /* RecommendationResultView.swift in Sources */,
				DC9DB0E52893E04200FCF403 /* OnboardingDataModel.swift in Sources */,
				D1E7D4902872E19800B1CEF4 /* Mindful_Breathing_Congrats.swift in Sources */,
				D1E7D4872872DD8D00B1CEF4 /* Breathing_Intro_Timer.swift in Sources */,
				D1E7D48E2872E17800B1CEF4 /* Mindful_Breathing_Timer.swift in Sources */,
				DCB5ABBC28B3968B0009B78B /* MorningPagesView.swift in Sources */,
				0640C6F3286F07E9005D7DF6 /* RiwayatView.swift in Sources */,
				06F4328428B3DEC3003FA7AA /* Watch_The_Clouds.swift in Sources */,
				0640C6F6286F082E005D7DF6 /* JournalingView.swift in Sources */,
				EE585DF2285C6CBA0092C195 /* Persistence.swift in Sources */,
				06F4328328B3DEC3003FA7AA /* Watch_The_Clouds_Stopwatch.swift in Sources */,
				EE585DEB285C6CB80092C195 /* ContentView.swift in Sources */,
				0640C6EF286F07CA005D7DF6 /* BerandaView.swift in Sources */,
				0640C6E8286F077C005D7DF6 /* MainView.swift in Sources */,
				EE585DE9285C6CB80092C195 /* MC2_Mindful_AppApp.swift in Sources */,
				D1E7D4892872DDBD00B1CEF4 /* Breathing_Intro_Congrats.swift in Sources */,
				DCB5ABBF28B398590009B78B /* IntentionSettingView.swift in Sources */,
				06777BAF28AA498300021C0F /* ScavengerHunt.swift in Sources */,
				0640C6F1286F07DA005D7DF6 /* MindfulView.swift in Sources */,
				DC9DB0EB2893E25A00FCF403 /* OnboardingDataModel.xcdatamodeld in Sources */,
				EEDD201B2870126A003AB92E /* EmotionView.swift in Sources */,
				06CB0D722871D273002954C7 /* ComingSoonView.swift in Sources */,
				0640C6EA286F079B005D7DF6 /* MindfulnessActivities.swift in Sources */,
				DCB5ABB928B38C8A0009B78B /* GratitudeListView.swift in Sources */,
				DC9DB0D22893DE3200FCF403 /* finishMindfulWriting.swift in Sources */,
				DCCD99CD28AD7D6200A41005 /* PlaySound.swift in Sources */,
			);
			runOnlyForDeploymentPostprocessing = 0;
		};
/* End PBXSourcesBuildPhase section */

/* Begin XCBuildConfiguration section */
		EE585DF6285C6CBA0092C195 /* Debug */ = {
			isa = XCBuildConfiguration;
			buildSettings = {
				ALWAYS_SEARCH_USER_PATHS = NO;
				CLANG_ANALYZER_NONNULL = YES;
				CLANG_ANALYZER_NUMBER_OBJECT_CONVERSION = YES_AGGRESSIVE;
				CLANG_CXX_LANGUAGE_STANDARD = "gnu++17";
				CLANG_ENABLE_MODULES = YES;
				CLANG_ENABLE_OBJC_ARC = YES;
				CLANG_ENABLE_OBJC_WEAK = YES;
				CLANG_WARN_BLOCK_CAPTURE_AUTORELEASING = YES;
				CLANG_WARN_BOOL_CONVERSION = YES;
				CLANG_WARN_COMMA = YES;
				CLANG_WARN_CONSTANT_CONVERSION = YES;
				CLANG_WARN_DEPRECATED_OBJC_IMPLEMENTATIONS = YES;
				CLANG_WARN_DIRECT_OBJC_ISA_USAGE = YES_ERROR;
				CLANG_WARN_DOCUMENTATION_COMMENTS = YES;
				CLANG_WARN_EMPTY_BODY = YES;
				CLANG_WARN_ENUM_CONVERSION = YES;
				CLANG_WARN_INFINITE_RECURSION = YES;
				CLANG_WARN_INT_CONVERSION = YES;
				CLANG_WARN_NON_LITERAL_NULL_CONVERSION = YES;
				CLANG_WARN_OBJC_IMPLICIT_RETAIN_SELF = YES;
				CLANG_WARN_OBJC_LITERAL_CONVERSION = YES;
				CLANG_WARN_OBJC_ROOT_CLASS = YES_ERROR;
				CLANG_WARN_QUOTED_INCLUDE_IN_FRAMEWORK_HEADER = YES;
				CLANG_WARN_RANGE_LOOP_ANALYSIS = YES;
				CLANG_WARN_STRICT_PROTOTYPES = YES;
				CLANG_WARN_SUSPICIOUS_MOVE = YES;
				CLANG_WARN_UNGUARDED_AVAILABILITY = YES_AGGRESSIVE;
				CLANG_WARN_UNREACHABLE_CODE = YES;
				CLANG_WARN__DUPLICATE_METHOD_MATCH = YES;
				COPY_PHASE_STRIP = NO;
				DEBUG_INFORMATION_FORMAT = dwarf;
				ENABLE_STRICT_OBJC_MSGSEND = YES;
				ENABLE_TESTABILITY = YES;
				GCC_C_LANGUAGE_STANDARD = gnu11;
				GCC_DYNAMIC_NO_PIC = NO;
				GCC_NO_COMMON_BLOCKS = YES;
				GCC_OPTIMIZATION_LEVEL = 0;
				GCC_PREPROCESSOR_DEFINITIONS = (
					"DEBUG=1",
					"$(inherited)",
				);
				GCC_WARN_64_TO_32_BIT_CONVERSION = YES;
				GCC_WARN_ABOUT_RETURN_TYPE = YES_ERROR;
				GCC_WARN_UNDECLARED_SELECTOR = YES;
				GCC_WARN_UNINITIALIZED_AUTOS = YES_AGGRESSIVE;
				GCC_WARN_UNUSED_FUNCTION = YES;
				GCC_WARN_UNUSED_VARIABLE = YES;
				IPHONEOS_DEPLOYMENT_TARGET = 15.4;
				MTL_ENABLE_DEBUG_INFO = INCLUDE_SOURCE;
				MTL_FAST_MATH = YES;
				ONLY_ACTIVE_ARCH = YES;
				SDKROOT = iphoneos;
				SWIFT_ACTIVE_COMPILATION_CONDITIONS = DEBUG;
				SWIFT_OPTIMIZATION_LEVEL = "-Onone";
			};
			name = Debug;
		};
		EE585DF7285C6CBA0092C195 /* Release */ = {
			isa = XCBuildConfiguration;
			buildSettings = {
				ALWAYS_SEARCH_USER_PATHS = NO;
				CLANG_ANALYZER_NONNULL = YES;
				CLANG_ANALYZER_NUMBER_OBJECT_CONVERSION = YES_AGGRESSIVE;
				CLANG_CXX_LANGUAGE_STANDARD = "gnu++17";
				CLANG_ENABLE_MODULES = YES;
				CLANG_ENABLE_OBJC_ARC = YES;
				CLANG_ENABLE_OBJC_WEAK = YES;
				CLANG_WARN_BLOCK_CAPTURE_AUTORELEASING = YES;
				CLANG_WARN_BOOL_CONVERSION = YES;
				CLANG_WARN_COMMA = YES;
				CLANG_WARN_CONSTANT_CONVERSION = YES;
				CLANG_WARN_DEPRECATED_OBJC_IMPLEMENTATIONS = YES;
				CLANG_WARN_DIRECT_OBJC_ISA_USAGE = YES_ERROR;
				CLANG_WARN_DOCUMENTATION_COMMENTS = YES;
				CLANG_WARN_EMPTY_BODY = YES;
				CLANG_WARN_ENUM_CONVERSION = YES;
				CLANG_WARN_INFINITE_RECURSION = YES;
				CLANG_WARN_INT_CONVERSION = YES;
				CLANG_WARN_NON_LITERAL_NULL_CONVERSION = YES;
				CLANG_WARN_OBJC_IMPLICIT_RETAIN_SELF = YES;
				CLANG_WARN_OBJC_LITERAL_CONVERSION = YES;
				CLANG_WARN_OBJC_ROOT_CLASS = YES_ERROR;
				CLANG_WARN_QUOTED_INCLUDE_IN_FRAMEWORK_HEADER = YES;
				CLANG_WARN_RANGE_LOOP_ANALYSIS = YES;
				CLANG_WARN_STRICT_PROTOTYPES = YES;
				CLANG_WARN_SUSPICIOUS_MOVE = YES;
				CLANG_WARN_UNGUARDED_AVAILABILITY = YES_AGGRESSIVE;
				CLANG_WARN_UNREACHABLE_CODE = YES;
				CLANG_WARN__DUPLICATE_METHOD_MATCH = YES;
				COPY_PHASE_STRIP = NO;
				DEBUG_INFORMATION_FORMAT = "dwarf-with-dsym";
				ENABLE_NS_ASSERTIONS = NO;
				ENABLE_STRICT_OBJC_MSGSEND = YES;
				GCC_C_LANGUAGE_STANDARD = gnu11;
				GCC_NO_COMMON_BLOCKS = YES;
				GCC_WARN_64_TO_32_BIT_CONVERSION = YES;
				GCC_WARN_ABOUT_RETURN_TYPE = YES_ERROR;
				GCC_WARN_UNDECLARED_SELECTOR = YES;
				GCC_WARN_UNINITIALIZED_AUTOS = YES_AGGRESSIVE;
				GCC_WARN_UNUSED_FUNCTION = YES;
				GCC_WARN_UNUSED_VARIABLE = YES;
				IPHONEOS_DEPLOYMENT_TARGET = 15.4;
				MTL_ENABLE_DEBUG_INFO = NO;
				MTL_FAST_MATH = YES;
				SDKROOT = iphoneos;
				SWIFT_COMPILATION_MODE = wholemodule;
				SWIFT_OPTIMIZATION_LEVEL = "-O";
				VALIDATE_PRODUCT = YES;
			};
			name = Release;
		};
		EE585DF9285C6CBA0092C195 /* Debug */ = {
			isa = XCBuildConfiguration;
			buildSettings = {
				ASSETCATALOG_COMPILER_APPICON_NAME = AppIcon;
				ASSETCATALOG_COMPILER_GLOBAL_ACCENT_COLOR_NAME = AccentColor;
				CODE_SIGN_STYLE = Automatic;
				CURRENT_PROJECT_VERSION = 1;
				DEVELOPMENT_ASSET_PATHS = "\"MC2-Mindful-App/Preview Content\"";
				DEVELOPMENT_TEAM = M763V89YXY;
				ENABLE_PREVIEWS = YES;
				GENERATE_INFOPLIST_FILE = YES;
				INFOPLIST_KEY_UIApplicationSceneManifest_Generation = YES;
				INFOPLIST_KEY_UIApplicationSupportsIndirectInputEvents = YES;
				INFOPLIST_KEY_UILaunchScreen_Generation = YES;
				INFOPLIST_KEY_UISupportedInterfaceOrientations_iPad = "UIInterfaceOrientationPortrait UIInterfaceOrientationPortraitUpsideDown UIInterfaceOrientationLandscapeLeft UIInterfaceOrientationLandscapeRight";
				INFOPLIST_KEY_UISupportedInterfaceOrientations_iPhone = "UIInterfaceOrientationPortrait UIInterfaceOrientationLandscapeLeft UIInterfaceOrientationLandscapeRight";
				LD_RUNPATH_SEARCH_PATHS = (
					"$(inherited)",
					"@executable_path/Frameworks",
				);
				MARKETING_VERSION = 0.1.0;
				PRODUCT_BUNDLE_IDENTIFIER = "com.test.MC2-Mindful-App";
				PRODUCT_NAME = "MC2-Mindful-App";
				SWIFT_EMIT_LOC_STRINGS = YES;
				SWIFT_VERSION = 5.0;
				TARGETED_DEVICE_FAMILY = "1,2";
			};
			name = Debug;
		};
		EE585DFA285C6CBA0092C195 /* Release */ = {
			isa = XCBuildConfiguration;
			buildSettings = {
				ASSETCATALOG_COMPILER_APPICON_NAME = AppIcon;
				ASSETCATALOG_COMPILER_GLOBAL_ACCENT_COLOR_NAME = AccentColor;
				CODE_SIGN_STYLE = Automatic;
				CURRENT_PROJECT_VERSION = 1;
				DEVELOPMENT_ASSET_PATHS = "\"MC2-Mindful-App/Preview Content\"";
				DEVELOPMENT_TEAM = M763V89YXY;
				ENABLE_PREVIEWS = YES;
				GENERATE_INFOPLIST_FILE = YES;
				INFOPLIST_KEY_UIApplicationSceneManifest_Generation = YES;
				INFOPLIST_KEY_UIApplicationSupportsIndirectInputEvents = YES;
				INFOPLIST_KEY_UILaunchScreen_Generation = YES;
				INFOPLIST_KEY_UISupportedInterfaceOrientations_iPad = "UIInterfaceOrientationPortrait UIInterfaceOrientationPortraitUpsideDown UIInterfaceOrientationLandscapeLeft UIInterfaceOrientationLandscapeRight";
				INFOPLIST_KEY_UISupportedInterfaceOrientations_iPhone = "UIInterfaceOrientationPortrait UIInterfaceOrientationLandscapeLeft UIInterfaceOrientationLandscapeRight";
				LD_RUNPATH_SEARCH_PATHS = (
					"$(inherited)",
					"@executable_path/Frameworks",
				);
				MARKETING_VERSION = 0.1.0;
				PRODUCT_BUNDLE_IDENTIFIER = "com.test.MC2-Mindful-App";
				PRODUCT_NAME = "MC2-Mindful-App";
				SWIFT_EMIT_LOC_STRINGS = YES;
				SWIFT_VERSION = 5.0;
				TARGETED_DEVICE_FAMILY = "1,2";
			};
			name = Release;
		};
/* End XCBuildConfiguration section */

/* Begin XCConfigurationList section */
		EE585DE0285C6CB80092C195 /* Build configuration list for PBXProject "MC2-Mindful-App" */ = {
			isa = XCConfigurationList;
			buildConfigurations = (
				EE585DF6285C6CBA0092C195 /* Debug */,
				EE585DF7285C6CBA0092C195 /* Release */,
			);
			defaultConfigurationIsVisible = 0;
			defaultConfigurationName = Release;
		};
		EE585DF8285C6CBA0092C195 /* Build configuration list for PBXNativeTarget "MC2-Mindful-App" */ = {
			isa = XCConfigurationList;
			buildConfigurations = (
				EE585DF9285C6CBA0092C195 /* Debug */,
				EE585DFA285C6CBA0092C195 /* Release */,
			);
			defaultConfigurationIsVisible = 0;
			defaultConfigurationName = Release;
		};
/* End XCConfigurationList section */

/* Begin XCRemoteSwiftPackageReference section */
		DCB5ABA828AF911B0009B78B /* XCRemoteSwiftPackageReference "WrappingHStack" */ = {
			isa = XCRemoteSwiftPackageReference;
			repositoryURL = "https://github.com/dkk/WrappingHStack";
			requirement = {
				kind = upToNextMajorVersion;
				minimumVersion = 2.0.0;
			};
		};
		DCB5ABAB28AF9AA10009B78B /* XCRemoteSwiftPackageReference "HalfASheet" */ = {
			isa = XCRemoteSwiftPackageReference;
			repositoryURL = "https://github.com/franklynw/HalfASheet";
			requirement = {
				kind = upToNextMajorVersion;
				minimumVersion = 1.0.0;
			};
		};
		DCB5ABB428AFAA970009B78B /* XCRemoteSwiftPackageReference "SwiftUIBottomSheet" */ = {
			isa = XCRemoteSwiftPackageReference;
			repositoryURL = "https://github.com/SyrupMG/SwiftUIBottomSheet";
			requirement = {
				kind = upToNextMajorVersion;
				minimumVersion = 1.0.0;
			};
		};
/* End XCRemoteSwiftPackageReference section */

/* Begin XCSwiftPackageProductDependency section */
		DCB5ABA928AF911B0009B78B /* WrappingHStack */ = {
			isa = XCSwiftPackageProductDependency;
			package = DCB5ABA828AF911B0009B78B /* XCRemoteSwiftPackageReference "WrappingHStack" */;
			productName = WrappingHStack;
		};
		DCB5ABAC28AF9AA10009B78B /* HalfASheet */ = {
			isa = XCSwiftPackageProductDependency;
			package = DCB5ABAB28AF9AA10009B78B /* XCRemoteSwiftPackageReference "HalfASheet" */;
			productName = HalfASheet;
		};
		DCB5ABB528AFAA970009B78B /* SwiftUIBottomSheet */ = {
			isa = XCSwiftPackageProductDependency;
			package = DCB5ABB428AFAA970009B78B /* XCRemoteSwiftPackageReference "SwiftUIBottomSheet" */;
			productName = SwiftUIBottomSheet;
		};
/* End XCSwiftPackageProductDependency section */

/* Begin XCVersionGroup section */
		DC9DB0E92893E25A00FCF403 /* OnboardingDataModel.xcdatamodeld */ = {
			isa = XCVersionGroup;
			children = (
				DC9DB0EA2893E25A00FCF403 /* OnboardingDataModel.xcdatamodel */,
			);
			currentVersion = DC9DB0EA2893E25A00FCF403 /* OnboardingDataModel.xcdatamodel */;
			path = OnboardingDataModel.xcdatamodeld;
			sourceTree = "<group>";
			versionGroupType = wrapper.xcdatamodel;
		};
		EE585DF3285C6CBA0092C195 /* MC2_Mindful_App.xcdatamodeld */ = {
			isa = XCVersionGroup;
			children = (
				EE585DF4285C6CBA0092C195 /* MC2_Mindful_App.xcdatamodel */,
			);
			currentVersion = EE585DF4285C6CBA0092C195 /* MC2_Mindful_App.xcdatamodel */;
			path = MC2_Mindful_App.xcdatamodeld;
			sourceTree = "<group>";
			versionGroupType = wrapper.xcdatamodel;
		};
/* End XCVersionGroup section */
	};
	rootObject = EE585DDD285C6CB80092C195 /* Project object */;
}
