// !$*UTF8*$!
{
	archiveVersion = 1;
	classes = {
	};
	objectVersion = 55;
	objects = {

/* Begin PBXBuildFile section */
		EE585DE9285C6CB80092C195 /* MC2_Mindful_AppApp.swift in Sources */ = {isa = PBXBuildFile; fileRef = EE585DE8285C6CB80092C195 /* MC2_Mindful_AppApp.swift */; };
		EE585DEB285C6CB80092C195 /* ContentView.swift in Sources */ = {isa = PBXBuildFile; fileRef = EE585DEA285C6CB80092C195 /* ContentView.swift */; };
		EE585DED285C6CBA0092C195 /* Assets.xcassets in Resources */ = {isa = PBXBuildFile; fileRef = EE585DEC285C6CBA0092C195 /* Assets.xcassets */; };
		EE585DF0285C6CBA0092C195 /* Preview Assets.xcassets in Resources */ = {isa = PBXBuildFile; fileRef = EE585DEF285C6CBA0092C195 /* Preview Assets.xcassets */; };
		EE585DF2285C6CBA0092C195 /* Persistence.swift in Sources */ = {isa = PBXBuildFile; fileRef = EE585DF1285C6CBA0092C195 /* Persistence.swift */; };
		EE585DF5285C6CBA0092C195 /* MC2_Mindful_App.xcdatamodeld in Sources */ = {isa = PBXBuildFile; fileRef = EE585DF3285C6CBA0092C195 /* MC2_Mindful_App.xcdatamodeld */; };
/* End PBXBuildFile section */

/* Begin PBXFileReference section */
		EE585DE5285C6CB80092C195 /* MC2-Mindful-App.app */ = {isa = PBXFileReference; explicitFileType = wrapper.application; includeInIndex = 0; path = "MC2-Mindful-App.app"; sourceTree = BUILT_PRODUCTS_DIR; };
		EE585DE8285C6CB80092C195 /* MC2_Mindful_AppApp.swift */ = {isa = PBXFileReference; lastKnownFileType = sourcecode.swift; path = MC2_Mindful_AppApp.swift; sourceTree = "<group>"; };
		EE585DEA285C6CB80092C195 /* ContentView.swift */ = {isa = PBXFileReference; lastKnownFileType = sourcecode.swift; path = ContentView.swift; sourceTree = "<group>"; };
		EE585DEC285C6CBA0092C195 /* Assets.xcassets */ = {isa = PBXFileReference; lastKnownFileType = folder.assetcatalog; path = Assets.xcassets; sourceTree = "<group>"; };
		EE585DEF285C6CBA0092C195 /* Preview Assets.xcassets */ = {isa = PBXFileReference; lastKnownFileType = folder.assetcatalog; path = "Preview Assets.xcassets"; sourceTree = "<group>"; };
		EE585DF1285C6CBA0092C195 /* Persistence.swift */ = {isa = PBXFileReference; lastKnownFileType = sourcecode.swift; path = Persistence.swift; sourceTree = "<group>"; };
		EE585DF4285C6CBA0092C195 /* MC2_Mindful_App.xcdatamodel */ = {isa = PBXFileReference; lastKnownFileType = wrapper.xcdatamodel; path = MC2_Mindful_App.xcdatamodel; sourceTree = "<group>"; };
/* End PBXFileReference section */

/* Begin PBXFrameworksBuildPhase section */
		EE585DE2285C6CB80092C195 /* Frameworks */ = {
			isa = PBXFrameworksBuildPhase;
			buildActionMask = 2147483647;
			files = (
			);
			runOnlyForDeploymentPostprocessing = 0;
		};
/* End PBXFrameworksBuildPhase section */

/* Begin PBXGroup section */
		EE585DDC285C6CB80092C195 = {
			isa = PBXGroup;
			children = (
				EE585DE7285C6CB80092C195 /* MC2-Mindful-App */,
				EE585DE6285C6CB80092C195 /* Products */,
			);
			sourceTree = "<group>";
		};
		EE585DE6285C6CB80092C195 /* Products */ = {
			isa = PBXGroup;
			children = (
				EE585DE5285C6CB80092C195 /* MC2-Mindful-App.app */,
			);
			name = Products;
			sourceTree = "<group>";
		};
		EE585DE7285C6CB80092C195 /* MC2-Mindful-App */ = {
			isa = PBXGroup;
			children = (
				EE585DE8285C6CB80092C195 /* MC2_Mindful_AppApp.swift */,
				EE585DEA285C6CB80092C195 /* ContentView.swift */,
				EE585DEC285C6CBA0092C195 /* Assets.xcassets */,
				EE585DF1285C6CBA0092C195 /* Persistence.swift */,
				EE585DF3285C6CBA0092C195 /* MC2_Mindful_App.xcdatamodeld */,
				EE585DEE285C6CBA0092C195 /* Preview Content */,
			);
			path = "MC2-Mindful-App";
			sourceTree = "<group>";
		};
		EE585DEE285C6CBA0092C195 /* Preview Content */ = {
			isa = PBXGroup;
			children = (
				EE585DEF285C6CBA0092C195 /* Preview Assets.xcassets */,
			);
			path = "Preview Content";
			sourceTree = "<group>";
		};
/* End PBXGroup section */

/* Begin PBXNativeTarget section */
		EE585DE4285C6CB80092C195 /* MC2-Mindful-App */ = {
			isa = PBXNativeTarget;
			buildConfigurationList = EE585DF8285C6CBA0092C195 /* Build configuration list for PBXNativeTarget "MC2-Mindful-App" */;
			buildPhases = (
				EE585DE1285C6CB80092C195 /* Sources */,
				EE585DE2285C6CB80092C195 /* Frameworks */,
				EE585DE3285C6CB80092C195 /* Resources */,
			);
			buildRules = (
			);
			dependencies = (
			);
			name = "MC2-Mindful-App";
			productName = "MC2-Mindful-App";
			productReference = EE585DE5285C6CB80092C195 /* MC2-Mindful-App.app */;
			productType = "com.apple.product-type.application";
		};
/* End PBXNativeTarget section */

/* Begin PBXProject section */
		EE585DDD285C6CB80092C195 /* Project object */ = {
			isa = PBXProject;
			attributes = {
				BuildIndependentTargetsInParallel = 1;
				LastSwiftUpdateCheck = 1330;
				LastUpgradeCheck = 1330;
				TargetAttributes = {
					EE585DE4285C6CB80092C195 = {
						CreatedOnToolsVersion = 13.3;
					};
				};
			};
			buildConfigurationList = EE585DE0285C6CB80092C195 /* Build configuration list for PBXProject "MC2-Mindful-App" */;
			compatibilityVersion = "Xcode 13.0";
			developmentRegion = en;
			hasScannedForEncodings = 0;
			knownRegions = (
				en,
				Base,
			);
			mainGroup = EE585DDC285C6CB80092C195;
			productRefGroup = EE585DE6285C6CB80092C195 /* Products */;
			projectDirPath = "";
			projectRoot = "";
			targets = (
				EE585DE4285C6CB80092C195 /* MC2-Mindful-App */,
			);
		};
/* End PBXProject section */

/* Begin PBXResourcesBuildPhase section */
		EE585DE3285C6CB80092C195 /* Resources */ = {
			isa = PBXResourcesBuildPhase;
			buildActionMask = 2147483647;
			files = (
				EE585DF0285C6CBA0092C195 /* Preview Assets.xcassets in Resources */,
				EE585DED285C6CBA0092C195 /* Assets.xcassets in Resources */,
			);
			runOnlyForDeploymentPostprocessing = 0;
		};
/* End PBXResourcesBuildPhase section */

/* Begin PBXSourcesBuildPhase section */
		EE585DE1285C6CB80092C195 /* Sources */ = {
			isa = PBXSourcesBuildPhase;
			buildActionMask = 2147483647;
			files = (
				EE585DF5285C6CBA0092C195 /* MC2_Mindful_App.xcdatamodeld in Sources */,
				EE585DF2285C6CBA0092C195 /* Persistence.swift in Sources */,
				EE585DEB285C6CB80092C195 /* ContentView.swift in Sources */,
				EE585DE9285C6CB80092C195 /* MC2_Mindful_AppApp.swift in Sources */,
			);
			runOnlyForDeploymentPostprocessing = 0;
		};
/* End PBXSourcesBuildPhase section */

/* Begin XCBuildConfiguration section */
		EE585DF6285C6CBA0092C195 /* Debug */ = {
			isa = XCBuildConfiguration;
			buildSettings = {
				ALWAYS_SEARCH_USER_PATHS = NO;
				CLANG_ANALYZER_NONNULL = YES;
				CLANG_ANALYZER_NUMBER_OBJECT_CONVERSION = YES_AGGRESSIVE;
				CLANG_CXX_LANGUAGE_STANDARD = "gnu++17";
				CLANG_ENABLE_MODULES = YES;
				CLANG_ENABLE_OBJC_ARC = YES;
				CLANG_ENABLE_OBJC_WEAK = YES;
				CLANG_WARN_BLOCK_CAPTURE_AUTORELEASING = YES;
				CLANG_WARN_BOOL_CONVERSION = YES;
				CLANG_WARN_COMMA = YES;
				CLANG_WARN_CONSTANT_CONVERSION = YES;
				CLANG_WARN_DEPRECATED_OBJC_IMPLEMENTATIONS = YES;
				CLANG_WARN_DIRECT_OBJC_ISA_USAGE = YES_ERROR;
				CLANG_WARN_DOCUMENTATION_COMMENTS = YES;
				CLANG_WARN_EMPTY_BODY = YES;
				CLANG_WARN_ENUM_CONVERSION = YES;
				CLANG_WARN_INFINITE_RECURSION = YES;
				CLANG_WARN_INT_CONVERSION = YES;
				CLANG_WARN_NON_LITERAL_NULL_CONVERSION = YES;
				CLANG_WARN_OBJC_IMPLICIT_RETAIN_SELF = YES;
				CLANG_WARN_OBJC_LITERAL_CONVERSION = YES;
				CLANG_WARN_OBJC_ROOT_CLASS = YES_ERROR;
				CLANG_WARN_QUOTED_INCLUDE_IN_FRAMEWORK_HEADER = YES;
				CLANG_WARN_RANGE_LOOP_ANALYSIS = YES;
				CLANG_WARN_STRICT_PROTOTYPES = YES;
				CLANG_WARN_SUSPICIOUS_MOVE = YES;
				CLANG_WARN_UNGUARDED_AVAILABILITY = YES_AGGRESSIVE;
				CLANG_WARN_UNREACHABLE_CODE = YES;
				CLANG_WARN__DUPLICATE_METHOD_MATCH = YES;
				COPY_PHASE_STRIP = NO;
				DEBUG_INFORMATION_FORMAT = dwarf;
				ENABLE_STRICT_OBJC_MSGSEND = YES;
				ENABLE_TESTABILITY = YES;
				GCC_C_LANGUAGE_STANDARD = gnu11;
				GCC_DYNAMIC_NO_PIC = NO;
				GCC_NO_COMMON_BLOCKS = YES;
				GCC_OPTIMIZATION_LEVEL = 0;
				GCC_PREPROCESSOR_DEFINITIONS = (
					"DEBUG=1",
					"$(inherited)",
				);
				GCC_WARN_64_TO_32_BIT_CONVERSION = YES;
				GCC_WARN_ABOUT_RETURN_TYPE = YES_ERROR;
				GCC_WARN_UNDECLARED_SELECTOR = YES;
				GCC_WARN_UNINITIALIZED_AUTOS = YES_AGGRESSIVE;
				GCC_WARN_UNUSED_FUNCTION = YES;
				GCC_WARN_UNUSED_VARIABLE = YES;
				IPHONEOS_DEPLOYMENT_TARGET = 15.4;
				MTL_ENABLE_DEBUG_INFO = INCLUDE_SOURCE;
				MTL_FAST_MATH = YES;
				ONLY_ACTIVE_ARCH = YES;
				SDKROOT = iphoneos;
				SWIFT_ACTIVE_COMPILATION_CONDITIONS = DEBUG;
				SWIFT_OPTIMIZATION_LEVEL = "-Onone";
			};
			name = Debug;
		};
		EE585DF7285C6CBA0092C195 /* Release */ = {
			isa = XCBuildConfiguration;
			buildSettings = {
				ALWAYS_SEARCH_USER_PATHS = NO;
				CLANG_ANALYZER_NONNULL = YES;
				CLANG_ANALYZER_NUMBER_OBJECT_CONVERSION = YES_AGGRESSIVE;
				CLANG_CXX_LANGUAGE_STANDARD = "gnu++17";
				CLANG_ENABLE_MODULES = YES;
				CLANG_ENABLE_OBJC_ARC = YES;
				CLANG_ENABLE_OBJC_WEAK = YES;
				CLANG_WARN_BLOCK_CAPTURE_AUTORELEASING = YES;
				CLANG_WARN_BOOL_CONVERSION = YES;
				CLANG_WARN_COMMA = YES;
				CLANG_WARN_CONSTANT_CONVERSION = YES;
				CLANG_WARN_DEPRECATED_OBJC_IMPLEMENTATIONS = YES;
				CLANG_WARN_DIRECT_OBJC_ISA_USAGE = YES_ERROR;
				CLANG_WARN_DOCUMENTATION_COMMENTS = YES;
				CLANG_WARN_EMPTY_BODY = YES;
				CLANG_WARN_ENUM_CONVERSION = YES;
				CLANG_WARN_INFINITE_RECURSION = YES;
				CLANG_WARN_INT_CONVERSION = YES;
				CLANG_WARN_NON_LITERAL_NULL_CONVERSION = YES;
				CLANG_WARN_OBJC_IMPLICIT_RETAIN_SELF = YES;
				CLANG_WARN_OBJC_LITERAL_CONVERSION = YES;
				CLANG_WARN_OBJC_ROOT_CLASS = YES_ERROR;
				CLANG_WARN_QUOTED_INCLUDE_IN_FRAMEWORK_HEADER = YES;
				CLANG_WARN_RANGE_LOOP_ANALYSIS = YES;
				CLANG_WARN_STRICT_PROTOTYPES = YES;
				CLANG_WARN_SUSPICIOUS_MOVE = YES;
				CLANG_WARN_UNGUARDED_AVAILABILITY = YES_AGGRESSIVE;
				CLANG_WARN_UNREACHABLE_CODE = YES;
				CLANG_WARN__DUPLICATE_METHOD_MATCH = YES;
				COPY_PHASE_STRIP = NO;
				DEBUG_INFORMATION_FORMAT = "dwarf-with-dsym";
				ENABLE_NS_ASSERTIONS = NO;
				ENABLE_STRICT_OBJC_MSGSEND = YES;
				GCC_C_LANGUAGE_STANDARD = gnu11;
				GCC_NO_COMMON_BLOCKS = YES;
				GCC_WARN_64_TO_32_BIT_CONVERSION = YES;
				GCC_WARN_ABOUT_RETURN_TYPE = YES_ERROR;
				GCC_WARN_UNDECLARED_SELECTOR = YES;
				GCC_WARN_UNINITIALIZED_AUTOS = YES_AGGRESSIVE;
				GCC_WARN_UNUSED_FUNCTION = YES;
				GCC_WARN_UNUSED_VARIABLE = YES;
				IPHONEOS_DEPLOYMENT_TARGET = 15.4;
				MTL_ENABLE_DEBUG_INFO = NO;
				MTL_FAST_MATH = YES;
				SDKROOT = iphoneos;
				SWIFT_COMPILATION_MODE = wholemodule;
				SWIFT_OPTIMIZATION_LEVEL = "-O";
				VALIDATE_PRODUCT = YES;
			};
			name = Release;
		};
		EE585DF9285C6CBA0092C195 /* Debug */ = {
			isa = XCBuildConfiguration;
			buildSettings = {
				ASSETCATALOG_COMPILER_APPICON_NAME = AppIcon;
				ASSETCATALOG_COMPILER_GLOBAL_ACCENT_COLOR_NAME = AccentColor;
				CODE_SIGN_STYLE = Automatic;
				CURRENT_PROJECT_VERSION = 1;
				DEVELOPMENT_ASSET_PATHS = "\"MC2-Mindful-App/Preview Content\"";
				DEVELOPMENT_TEAM = HTHQDDC4TA;
				ENABLE_PREVIEWS = YES;
				GENERATE_INFOPLIST_FILE = YES;
				INFOPLIST_KEY_UIApplicationSceneManifest_Generation = YES;
				INFOPLIST_KEY_UIApplicationSupportsIndirectInputEvents = YES;
				INFOPLIST_KEY_UILaunchScreen_Generation = YES;
				INFOPLIST_KEY_UISupportedInterfaceOrientations_iPad = "UIInterfaceOrientationPortrait UIInterfaceOrientationPortraitUpsideDown UIInterfaceOrientationLandscapeLeft UIInterfaceOrientationLandscapeRight";
				INFOPLIST_KEY_UISupportedInterfaceOrientations_iPhone = "UIInterfaceOrientationPortrait UIInterfaceOrientationLandscapeLeft UIInterfaceOrientationLandscapeRight";
				LD_RUNPATH_SEARCH_PATHS = (
					"$(inherited)",
					"@executable_path/Frameworks",
				);
				MARKETING_VERSION = 1.0;
				PRODUCT_BUNDLE_IDENTIFIER = "com.test.MC2-Mindful-App";
				PRODUCT_NAME = "$(TARGET_NAME)";
				SWIFT_EMIT_LOC_STRINGS = YES;
				SWIFT_VERSION = 5.0;
				TARGETED_DEVICE_FAMILY = "1,2";
			};
			name = Debug;
		};
		EE585DFA285C6CBA0092C195 /* Release */ = {
			isa = XCBuildConfiguration;
			buildSettings = {
				ASSETCATALOG_COMPILER_APPICON_NAME = AppIcon;
				ASSETCATALOG_COMPILER_GLOBAL_ACCENT_COLOR_NAME = AccentColor;
				CODE_SIGN_STYLE = Automatic;
				CURRENT_PROJECT_VERSION = 1;
				DEVELOPMENT_ASSET_PATHS = "\"MC2-Mindful-App/Preview Content\"";
				DEVELOPMENT_TEAM = HTHQDDC4TA;
				ENABLE_PREVIEWS = YES;
				GENERATE_INFOPLIST_FILE = YES;
				INFOPLIST_KEY_UIApplicationSceneManifest_Generation = YES;
				INFOPLIST_KEY_UIApplicationSupportsIndirectInputEvents = YES;
				INFOPLIST_KEY_UILaunchScreen_Generation = YES;
				INFOPLIST_KEY_UISupportedInterfaceOrientations_iPad = "UIInterfaceOrientationPortrait UIInterfaceOrientationPortraitUpsideDown UIInterfaceOrientationLandscapeLeft UIInterfaceOrientationLandscapeRight";
				INFOPLIST_KEY_UISupportedInterfaceOrientations_iPhone = "UIInterfaceOrientationPortrait UIInterfaceOrientationLandscapeLeft UIInterfaceOrientationLandscapeRight";
				LD_RUNPATH_SEARCH_PATHS = (
					"$(inherited)",
					"@executable_path/Frameworks",
				);
				MARKETING_VERSION = 1.0;
				PRODUCT_BUNDLE_IDENTIFIER = "com.test.MC2-Mindful-App";
				PRODUCT_NAME = "$(TARGET_NAME)";
				SWIFT_EMIT_LOC_STRINGS = YES;
				SWIFT_VERSION = 5.0;
				TARGETED_DEVICE_FAMILY = "1,2";
			};
			name = Release;
		};
/* End XCBuildConfiguration section */

/* Begin XCConfigurationList section */
		EE585DE0285C6CB80092C195 /* Build configuration list for PBXProject "MC2-Mindful-App" */ = {
			isa = XCConfigurationList;
			buildConfigurations = (
				EE585DF6285C6CBA0092C195 /* Debug */,
				EE585DF7285C6CBA0092C195 /* Release */,
			);
			defaultConfigurationIsVisible = 0;
			defaultConfigurationName = Release;
		};
		EE585DF8285C6CBA0092C195 /* Build configuration list for PBXNativeTarget "MC2-Mindful-App" */ = {
			isa = XCConfigurationList;
			buildConfigurations = (
				EE585DF9285C6CBA0092C195 /* Debug */,
				EE585DFA285C6CBA0092C195 /* Release */,
			);
			defaultConfigurationIsVisible = 0;
			defaultConfigurationName = Release;
		};
/* End XCConfigurationList section */

/* Begin XCVersionGroup section */
		EE585DF3285C6CBA0092C195 /* MC2_Mindful_App.xcdatamodeld */ = {
			isa = XCVersionGroup;
			children = (
				EE585DF4285C6CBA0092C195 /* MC2_Mindful_App.xcdatamodel */,
			);
			currentVersion = EE585DF4285C6CBA0092C195 /* MC2_Mindful_App.xcdatamodel */;
			path = MC2_Mindful_App.xcdatamodeld;
			sourceTree = "<group>";
			versionGroupType = wrapper.xcdatamodel;
		};
/* End XCVersionGroup section */
	};
	rootObject = EE585DDD285C6CB80092C195 /* Project object */;
}
